
Microsoft Visual Studio Solution File, Format Version 12.00
# Visual Studio Version 17
VisualStudioVersion = 17.6.33723.286
MinimumVisualStudioVersion = 10.0.40219.1
Project("{FAE04EC0-301F-11D3-BF4B-00C04F79EFBC}") = "ZooManagment", "ZooManagment\ZooManagment.csproj", "{3E21CEA4-1F31-41A4-B8AC-5ED2327A6618}"
EndProject
Global
	GlobalSection(SolutionConfigurationPlatforms) = preSolution
		Debug|Any CPU = Debug|Any CPU
		Release|Any CPU = Release|Any CPU
	EndGlobalSection
	GlobalSection(ProjectConfigurationPlatforms) = postSolution
		{3E21CEA4-1F31-41A4-B8AC-5ED2327A6618}.Debug|Any CPU.ActiveCfg = Debug|Any CPU
		{3E21CEA4-1F31-41A4-B8AC-5ED2327A6618}.Debug|Any CPU.Build.0 = Debug|Any CPU
		{3E21CEA4-1F31-41A4-B8AC-5ED2327A6618}.Release|Any CPU.ActiveCfg = Release|Any CPU
		{3E21CEA4-1F31-41A4-B8AC-5ED2327A6618}.Release|Any CPU.Build.0 = Release|Any CPU
	EndGlobalSection
	GlobalSection(SolutionProperties) = preSolution
		HideSolutionNode = FALSE
	EndGlobalSection
	GlobalSection(ExtensibilityGlobals) = postSolution
		SolutionGuid = {DF2809EF-2A7C-4DA8-9485-E958A68087B4}
	EndGlobalSection
EndGlobal
